
Microsoft Visual Studio Solution File, Format Version 12.00
# Visual Studio 15
VisualStudioVersion = 15.0.28307.1259
MinimumVisualStudioVersion = 10.0.40219.1
Project("{FAE04EC0-301F-11D3-BF4B-00C04F79EFBC}") = "RentalKendaraan_110", "RentalKendaraan_110\RentalKendaraan_110.csproj", "{F67398AA-2608-4819-8190-7E7552E10730}"
EndProject
Global
	GlobalSection(SolutionConfigurationPlatforms) = preSolution
		Debug|Any CPU = Debug|Any CPU
		Release|Any CPU = Release|Any CPU
	EndGlobalSection
	GlobalSection(ProjectConfigurationPlatforms) = postSolution
		{F67398AA-2608-4819-8190-7E7552E10730}.Debug|Any CPU.ActiveCfg = Debug|Any CPU
		{F67398AA-2608-4819-8190-7E7552E10730}.Debug|Any CPU.Build.0 = Debug|Any CPU
		{F67398AA-2608-4819-8190-7E7552E10730}.Release|Any CPU.ActiveCfg = Release|Any CPU
		{F67398AA-2608-4819-8190-7E7552E10730}.Release|Any CPU.Build.0 = Release|Any CPU
	EndGlobalSection
	GlobalSection(SolutionProperties) = preSolution
		HideSolutionNode = FALSE
	EndGlobalSection
	GlobalSection(ExtensibilityGlobals) = postSolution
		SolutionGuid = {22081F3F-13EA-463F-96E3-29B79F3A3D1B}
	EndGlobalSection
EndGlobal
